
Microsoft Visual Studio Solution File, Format Version 12.00
# Visual Studio Version 17
VisualStudioVersion = 17.1.32228.430
MinimumVisualStudioVersion = 10.0.40219.1
Project("{FAE04EC0-301F-11D3-BF4B-00C04F79EFBC}") = "Async", "Async\Async.csproj", "{ED11DDC8-FB21-4C10-98E1-F8F273AA3FED}"
EndProject
Global
	GlobalSection(SolutionConfigurationPlatforms) = preSolution
		Debug|Any CPU = Debug|Any CPU
		Release|Any CPU = Release|Any CPU
	EndGlobalSection
	GlobalSection(ProjectConfigurationPlatforms) = postSolution
		{ED11DDC8-FB21-4C10-98E1-F8F273AA3FED}.Debug|Any CPU.ActiveCfg = Debug|Any CPU
		{ED11DDC8-FB21-4C10-98E1-F8F273AA3FED}.Debug|Any CPU.Build.0 = Debug|Any CPU
		{ED11DDC8-FB21-4C10-98E1-F8F273AA3FED}.Release|Any CPU.ActiveCfg = Release|Any CPU
		{ED11DDC8-FB21-4C10-98E1-F8F273AA3FED}.Release|Any CPU.Build.0 = Release|Any CPU
	EndGlobalSection
	GlobalSection(SolutionProperties) = preSolution
		HideSolutionNode = FALSE
	EndGlobalSection
	GlobalSection(ExtensibilityGlobals) = postSolution
		SolutionGuid = {D87915A3-0AD4-4687-8A11-88DB06A26A73}
	EndGlobalSection
EndGlobal
